// !$*UTF8*$!
{
	archiveVersion = 1;
	classes = {
	};
	objectVersion = 46;
	objects = {

/* Begin PBXBuildFile section */
		E23EB36E194269AB00C4DECA /* main.cpp in Sources */ = {isa = PBXBuildFile; fileRef = E23EB36D194269AB00C4DECA /* main.cpp */; };
		E23EB370194269AB00C4DECA /* PoconoFileSystem.1 in CopyFiles */ = {isa = PBXBuildFile; fileRef = E23EB36F194269AB00C4DECA /* PoconoFileSystem.1 */; };
		E26D5926196EF6C3007B8FDC /* StackTrace.cpp in Sources */ = {isa = PBXBuildFile; fileRef = E26D591B196EF6C3007B8FDC /* StackTrace.cpp */; };
		E26D5927196EF6C3007B8FDC /* jsoncpp.cpp in Sources */ = {isa = PBXBuildFile; fileRef = E26D5923196EF6C3007B8FDC /* jsoncpp.cpp */; };
/* End PBXBuildFile section */

/* Begin PBXCopyFilesBuildPhase section */
		E23EB368194269AB00C4DECA /* CopyFiles */ = {
			isa = PBXCopyFilesBuildPhase;
			buildActionMask = 2147483647;
			dstPath = /Users/mahmoudtaabodi/Documents/pocono;
			dstSubfolderSpec = 0;
			files = (
				E23EB370194269AB00C4DECA /* PoconoFileSystem.1 in CopyFiles */,
			);
			runOnlyForDeploymentPostprocessing = 1;
		};
/* End PBXCopyFilesBuildPhase section */

/* Begin PBXFileReference section */
		A51ACC4A1965EE5400C0AB67 /* ConcurrentCRUDtests.h */ = {isa = PBXFileReference; lastKnownFileType = sourcecode.c.h; path = ConcurrentCRUDtests.h; sourceTree = "<group>"; };
		A53270ED194CFEFE00530E5B /* FileSystemAPI.h */ = {isa = PBXFileReference; lastKnownFileType = sourcecode.c.h; path = FileSystemAPI.h; sourceTree = "<group>"; };
		A53270EE194D014700530E5B /* CollectionMetaData.h */ = {isa = PBXFileReference; lastKnownFileType = sourcecode.c.h; path = CollectionMetaData.h; sourceTree = "<group>"; };
		A592008E1966ED5D0002E082 /* PoconoClient.h */ = {isa = PBXFileReference; lastKnownFileType = sourcecode.c.h; path = PoconoClient.h; sourceTree = "<group>"; };
		A5D9A14E1942AE9C000F1170 /* PoconoConfig.h */ = {isa = PBXFileReference; lastKnownFileType = sourcecode.c.h; path = PoconoConfig.h; sourceTree = "<group>"; };
		A5D9A14F1942AF22000F1170 /* Utils.h */ = {isa = PBXFileReference; lastKnownFileType = sourcecode.c.h; path = Utils.h; sourceTree = "<group>"; };
		A5D9A1501942AF99000F1170 /* Configs.h */ = {isa = PBXFileReference; lastKnownFileType = sourcecode.c.h; path = Configs.h; sourceTree = "<group>"; };
		A5D9A1511942B91C000F1170 /* SuperBlock.h */ = {isa = PBXFileReference; lastKnownFileType = sourcecode.c.h; path = SuperBlock.h; sourceTree = "<group>"; };
		E23075B81953332C0088072E /* CRUDTests.h */ = {isa = PBXFileReference; lastKnownFileType = sourcecode.c.h; path = CRUDTests.h; sourceTree = "<group>"; };
		E23EB36A194269AB00C4DECA /* PoconoFileSystem */ = {isa = PBXFileReference; explicitFileType = "compiled.mach-o.executable"; includeInIndex = 0; path = PoconoFileSystem; sourceTree = BUILT_PRODUCTS_DIR; };
		E23EB36D194269AB00C4DECA /* main.cpp */ = {isa = PBXFileReference; lastKnownFileType = sourcecode.cpp.cpp; path = main.cpp; sourceTree = "<group>"; };
		E23EB36F194269AB00C4DECA /* PoconoFileSystem.1 */ = {isa = PBXFileReference; lastKnownFileType = text.man; path = PoconoFileSystem.1; sourceTree = "<group>"; };
		E23EB37719426B5200C4DECA /* FileWriter.h */ = {isa = PBXFileReference; lastKnownFileType = sourcecode.c.h; path = FileWriter.h; sourceTree = "<group>"; };
		E23EB37819426B6200C4DECA /* FileReader.h */ = {isa = PBXFileReference; lastKnownFileType = sourcecode.c.h; path = FileReader.h; sourceTree = "<group>"; };
		E23EB37A19426EDD00C4DECA /* FileSystem.h */ = {isa = PBXFileReference; lastKnownFileType = sourcecode.c.h; path = FileSystem.h; sourceTree = "<group>"; };
		E23EB37B19426F5100C4DECA /* DataRecord.h */ = {isa = PBXFileReference; lastKnownFileType = sourcecode.c.h; path = DataRecord.h; sourceTree = "<group>"; };
		E23EB37E1945F55800C4DECA /* DataRecordMetaData.h */ = {isa = PBXFileReference; lastKnownFileType = sourcecode.c.h; path = DataRecordMetaData.h; sourceTree = "<group>"; };
		E25389DB1953208600D2C294 /* Index.h */ = {isa = PBXFileReference; lastKnownFileType = sourcecode.c.h; path = Index.h; sourceTree = "<group>"; };
		E26D58E4196EF5F7007B8FDC /* DBTest.h */ = {isa = PBXFileReference; lastKnownFileType = sourcecode.c.h; path = DBTest.h; sourceTree = "<group>"; };
		E26D58E6196EF6C3007B8FDC /* chat_message.h */ = {isa = PBXFileReference; fileEncoding = 4; lastKnownFileType = sourcecode.c.h; name = chat_message.h; path = PicoDB/chat_message.h; sourceTree = "<group>"; };
		E26D58E7196EF6C3007B8FDC /* countdown_latch.h */ = {isa = PBXFileReference; fileEncoding = 4; lastKnownFileType = sourcecode.c.h; name = countdown_latch.h; path = PicoDB/countdown_latch.h; sourceTree = "<group>"; };
		E26D58E8196EF6C3007B8FDC /* currency.h */ = {isa = PBXFileReference; fileEncoding = 4; lastKnownFileType = sourcecode.c.h; name = currency.h; path = PicoDB/currency.h; sourceTree = "<group>"; };
		E26D58E9196EF6C3007B8FDC /* Examples.h */ = {isa = PBXFileReference; fileEncoding = 4; lastKnownFileType = sourcecode.c.h; name = Examples.h; path = PicoDB/Examples.h; sourceTree = "<group>"; };
		E26D58EA196EF6C3007B8FDC /* file_test.h */ = {isa = PBXFileReference; fileEncoding = 4; lastKnownFileType = sourcecode.c.h; name = file_test.h; path = PicoDB/file_test.h; sourceTree = "<group>"; };
		E26D58EB196EF6C3007B8FDC /* jsonCppExamples.h */ = {isa = PBXFileReference; fileEncoding = 4; lastKnownFileType = sourcecode.c.h; name = jsonCppExamples.h; path = PicoDB/jsonCppExamples.h; sourceTree = "<group>"; };
		E26D58ED196EF6C3007B8FDC /* ObjectPool.h */ = {isa = PBXFileReference; fileEncoding = 4; lastKnownFileType = sourcecode.c.h; name = ObjectPool.h; path = PicoDB/ObjectPool.h; sourceTree = "<group>"; };
		E26D58EF196EF6C3007B8FDC /* asyncReader.h */ = {isa = PBXFileReference; fileEncoding = 4; lastKnownFileType = sourcecode.c.h; name = asyncReader.h; path = PicoDB/pico/asyncReader.h; sourceTree = "<group>"; };
		E26D58F0196EF6C3007B8FDC /* AsyncTcpClient.h */ = {isa = PBXFileReference; fileEncoding = 4; lastKnownFileType = sourcecode.c.h; name = AsyncTcpClient.h; path = PicoDB/pico/AsyncTcpClient.h; sourceTree = "<group>"; };
		E26D58F1196EF6C3007B8FDC /* AtomicCounter.h */ = {isa = PBXFileReference; fileEncoding = 4; lastKnownFileType = sourcecode.c.h; name = AtomicCounter.h; path = PicoDB/pico/AtomicCounter.h; sourceTree = "<group>"; };
		E26D58F2196EF6C3007B8FDC /* ClientResponseProcessor.h */ = {isa = PBXFileReference; fileEncoding = 4; lastKnownFileType = sourcecode.c.h; name = ClientResponseProcessor.h; path = PicoDB/pico/ClientResponseProcessor.h; sourceTree = "<group>"; };
		E26D58F3196EF6C3007B8FDC /* ConcurrentVector.h */ = {isa = PBXFileReference; fileEncoding = 4; lastKnownFileType = sourcecode.c.h; name = ConcurrentVector.h; path = PicoDB/pico/ConcurrentVector.h; sourceTree = "<group>"; };
		E26D58F4196EF6C3007B8FDC /* DBRecord.h */ = {isa = PBXFileReference; fileEncoding = 4; lastKnownFileType = sourcecode.c.h; name = DBRecord.h; path = PicoDB/pico/DBRecord.h; sourceTree = "<group>"; };
		E26D58F5196EF6C3007B8FDC /* DeleteTaskRunnable.h */ = {isa = PBXFileReference; fileEncoding = 4; lastKnownFileType = sourcecode.c.h; name = DeleteTaskRunnable.h; path = PicoDB/pico/DeleteTaskRunnable.h; sourceTree = "<group>"; };
		E26D58F6196EF6C3007B8FDC /* logger.h */ = {isa = PBXFileReference; fileEncoding = 4; lastKnownFileType = sourcecode.c.h; name = logger.h; path = PicoDB/pico/logger.h; sourceTree = "<group>"; };
		E26D58F7196EF6C3007B8FDC /* OffsetManager.h */ = {isa = PBXFileReference; fileEncoding = 4; lastKnownFileType = sourcecode.c.h; name = OffsetManager.h; path = PicoDB/pico/OffsetManager.h; sourceTree = "<group>"; };
		E26D58F8196EF6C3007B8FDC /* pico_buffered_message.h */ = {isa = PBXFileReference; fileEncoding = 4; lastKnownFileType = sourcecode.c.h; name = pico_buffered_message.h; path = PicoDB/pico/pico_buffered_message.h; sourceTree = "<group>"; };
		E26D58F9196EF6C3007B8FDC /* pico_client.h */ = {isa = PBXFileReference; fileEncoding = 4; lastKnownFileType = sourcecode.c.h; name = pico_client.h; path = PicoDB/pico/pico_client.h; sourceTree = "<group>"; };
		E26D58FA196EF6C3007B8FDC /* pico_collection.h */ = {isa = PBXFileReference; fileEncoding = 4; lastKnownFileType = sourcecode.c.h; name = pico_collection.h; path = PicoDB/pico/pico_collection.h; sourceTree = "<group>"; };
		E26D58FB196EF6C3007B8FDC /* pico_concurrent_list.h */ = {isa = PBXFileReference; fileEncoding = 4; lastKnownFileType = sourcecode.c.h; name = pico_concurrent_list.h; path = PicoDB/pico/pico_concurrent_list.h; sourceTree = "<group>"; };
		E26D58FC196EF6C3007B8FDC /* pico_exception.h */ = {isa = PBXFileReference; fileEncoding = 4; lastKnownFileType = sourcecode.c.h; name = pico_exception.h; path = PicoDB/pico/pico_exception.h; sourceTree = "<group>"; };
		E26D58FD196EF6C3007B8FDC /* pico_heart_beat_sender.h */ = {isa = PBXFileReference; fileEncoding = 4; lastKnownFileType = sourcecode.c.h; name = pico_heart_beat_sender.h; path = PicoDB/pico/pico_heart_beat_sender.h; sourceTree = "<group>"; };
		E26D58FE196EF6C3007B8FDC /* pico_index.h */ = {isa = PBXFileReference; fileEncoding = 4; lastKnownFileType = sourcecode.c.h; name = pico_index.h; path = PicoDB/pico/pico_index.h; sourceTree = "<group>"; };
		E26D58FF196EF6C3007B8FDC /* pico_json_wrapper.h */ = {isa = PBXFileReference; fileEncoding = 4; lastKnownFileType = sourcecode.c.h; name = pico_json_wrapper.h; path = PicoDB/pico/pico_json_wrapper.h; sourceTree = "<group>"; };
		E26D5900196EF6C3007B8FDC /* pico_logger_wrapper.h */ = {isa = PBXFileReference; fileEncoding = 4; lastKnownFileType = sourcecode.c.h; name = pico_logger_wrapper.h; path = PicoDB/pico/pico_logger_wrapper.h; sourceTree = "<group>"; };
		E26D5901196EF6C3007B8FDC /* pico_message.h */ = {isa = PBXFileReference; fileEncoding = 4; lastKnownFileType = sourcecode.c.h; name = pico_message.h; path = PicoDB/pico/pico_message.h; sourceTree = "<group>"; };
		E26D5902196EF6C3007B8FDC /* pico_record.h */ = {isa = PBXFileReference; fileEncoding = 4; lastKnownFileType = sourcecode.c.h; name = pico_record.h; path = PicoDB/pico/pico_record.h; sourceTree = "<group>"; };
		E26D5903196EF6C3007B8FDC /* pico_record_deprecated.h */ = {isa = PBXFileReference; fileEncoding = 4; lastKnownFileType = sourcecode.c.h; name = pico_record_deprecated.h; path = PicoDB/pico/pico_record_deprecated.h; sourceTree = "<group>"; };
		E26D5904196EF6C3007B8FDC /* pico_record_old_version.h */ = {isa = PBXFileReference; fileEncoding = 4; lastKnownFileType = sourcecode.c.h; name = pico_record_old_version.h; path = PicoDB/pico/pico_record_old_version.h; sourceTree = "<group>"; };
		E26D5905196EF6C3007B8FDC /* pico_replicator.h */ = {isa = PBXFileReference; fileEncoding = 4; lastKnownFileType = sourcecode.c.h; name = pico_replicator.h; path = PicoDB/pico/pico_replicator.h; sourceTree = "<group>"; };
		E26D5906196EF6C3007B8FDC /* pico_server.h */ = {isa = PBXFileReference; fileEncoding = 4; lastKnownFileType = sourcecode.c.h; name = pico_server.h; path = PicoDB/pico/pico_server.h; sourceTree = "<group>"; };
		E26D5907196EF6C3007B8FDC /* pico_session.h */ = {isa = PBXFileReference; fileEncoding = 4; lastKnownFileType = sourcecode.c.h; name = pico_session.h; path = PicoDB/pico/pico_session.h; sourceTree = "<group>"; };
		E26D5908196EF6C3007B8FDC /* pico_sharder.h */ = {isa = PBXFileReference; fileEncoding = 4; lastKnownFileType = sourcecode.c.h; name = pico_sharder.h; path = PicoDB/pico/pico_sharder.h; sourceTree = "<group>"; };
		E26D5909196EF6C3007B8FDC /* pico_test.h */ = {isa = PBXFileReference; fileEncoding = 4; lastKnownFileType = sourcecode.c.h; name = pico_test.h; path = PicoDB/pico/pico_test.h; sourceTree = "<group>"; };
		E26D590B196EF6C3007B8FDC /* PicoConfig.h */ = {isa = PBXFileReference; fileEncoding = 4; lastKnownFileType = sourcecode.c.h; name = PicoConfig.h; path = PicoDB/pico/PicoConfig.h; sourceTree = "<group>"; };
		E26D590C196EF6C3007B8FDC /* PonocoClient.h */ = {isa = PBXFileReference; fileEncoding = 4; lastKnownFileType = sourcecode.c.h; name = PonocoClient.h; path = PicoDB/pico/PonocoClient.h; sourceTree = "<group>"; };
		E26D590D196EF6C3007B8FDC /* PonocoDriverHelper.h */ = {isa = PBXFileReference; fileEncoding = 4; lastKnownFileType = sourcecode.c.h; name = PonocoDriverHelper.h; path = PicoDB/pico/PonocoDriverHelper.h; sourceTree = "<group>"; };
		E26D590E196EF6C3007B8FDC /* PonocoRunnable.h */ = {isa = PBXFileReference; fileEncoding = 4; lastKnownFileType = sourcecode.c.h; name = PonocoRunnable.h; path = PicoDB/pico/PonocoRunnable.h; sourceTree = "<group>"; };
		E26D590F196EF6C3007B8FDC /* RecordInserter.h */ = {isa = PBXFileReference; fileEncoding = 4; lastKnownFileType = sourcecode.c.h; name = RecordInserter.h; path = PicoDB/pico/RecordInserter.h; sourceTree = "<group>"; };
		E26D5910196EF6C3007B8FDC /* request_processor.h */ = {isa = PBXFileReference; fileEncoding = 4; lastKnownFileType = sourcecode.c.h; name = request_processor.h; path = PicoDB/pico/request_processor.h; sourceTree = "<group>"; };
		E26D5911196EF6C3007B8FDC /* ShellClient.h */ = {isa = PBXFileReference; fileEncoding = 4; lastKnownFileType = sourcecode.c.h; name = ShellClient.h; path = PicoDB/pico/ShellClient.h; sourceTree = "<group>"; };
		E26D5912196EF6C3007B8FDC /* ThreadPool.h */ = {isa = PBXFileReference; fileEncoding = 4; lastKnownFileType = sourcecode.c.h; name = ThreadPool.h; path = PicoDB/pico/ThreadPool.h; sourceTree = "<group>"; };
		E26D5913196EF6C3007B8FDC /* TODO.h */ = {isa = PBXFileReference; fileEncoding = 4; lastKnownFileType = sourcecode.c.h; name = TODO.h; path = PicoDB/pico/TODO.h; sourceTree = "<group>"; };
		E26D5914196EF6C3007B8FDC /* writer_buffer_container.h */ = {isa = PBXFileReference; fileEncoding = 4; lastKnownFileType = sourcecode.c.h; name = writer_buffer_container.h; path = PicoDB/pico/writer_buffer_container.h; sourceTree = "<group>"; };
		E26D5917196EF6C3007B8FDC /* PicoHedgeFund.h */ = {isa = PBXFileReference; fileEncoding = 4; lastKnownFileType = sourcecode.c.h; name = PicoHedgeFund.h; path = PicoDB/PicoHedgeFund.h; sourceTree = "<group>"; };
		E26D5918196EF6C3007B8FDC /* Runnable.h */ = {isa = PBXFileReference; fileEncoding = 4; lastKnownFileType = sourcecode.c.h; name = Runnable.h; path = PicoDB/Runnable.h; sourceTree = "<group>"; };
		E26D5919196EF6C3007B8FDC /* SimpleRunnable.h */ = {isa = PBXFileReference; fileEncoding = 4; lastKnownFileType = sourcecode.c.h; name = SimpleRunnable.h; path = PicoDB/SimpleRunnable.h; sourceTree = "<group>"; };
		E26D591A196EF6C3007B8FDC /* SqlParser.h */ = {isa = PBXFileReference; fileEncoding = 4; lastKnownFileType = sourcecode.c.h; name = SqlParser.h; path = PicoDB/SqlParser.h; sourceTree = "<group>"; };
		E26D591B196EF6C3007B8FDC /* StackTrace.cpp */ = {isa = PBXFileReference; fileEncoding = 4; lastKnownFileType = sourcecode.cpp.cpp; name = StackTrace.cpp; path = PicoDB/StackTrace.cpp; sourceTree = "<group>"; };
		E26D591C196EF6C3007B8FDC /* StackTrace.h */ = {isa = PBXFileReference; fileEncoding = 4; lastKnownFileType = sourcecode.c.h; name = StackTrace.h; path = PicoDB/StackTrace.h; sourceTree = "<group>"; };
		E26D5921196EF6C3007B8FDC /* json-forwards.h */ = {isa = PBXFileReference; fileEncoding = 4; lastKnownFileType = sourcecode.c.h; path = "json-forwards.h"; sourceTree = "<group>"; };
		E26D5922196EF6C3007B8FDC /* json.h */ = {isa = PBXFileReference; fileEncoding = 4; lastKnownFileType = sourcecode.c.h; path = json.h; sourceTree = "<group>"; };
		E26D5923196EF6C3007B8FDC /* jsoncpp.cpp */ = {isa = PBXFileReference; fileEncoding = 4; lastKnownFileType = sourcecode.cpp.cpp; path = jsoncpp.cpp; sourceTree = "<group>"; };
		E26D5924196EF6C3007B8FDC /* ThreadWorker.h */ = {isa = PBXFileReference; fileEncoding = 4; lastKnownFileType = sourcecode.c.h; name = ThreadWorker.h; path = PicoDB/ThreadWorker.h; sourceTree = "<group>"; };
		E26D5928196EF6FC007B8FDC /* Examples.h */ = {isa = PBXFileReference; lastKnownFileType = sourcecode.c.h; path = Examples.h; sourceTree = "<group>"; };
		E2FE7BF6196EF879005C1B44 /* ClientServerExample.h */ = {isa = PBXFileReference; lastKnownFileType = sourcecode.c.h; path = ClientServerExample.h; sourceTree = "<group>"; };
		E2FE7BF7196EF9B3005C1B44 /* BoosFileExample.h */ = {isa = PBXFileReference; fileEncoding = 4; lastKnownFileType = sourcecode.c.h; name = BoosFileExample.h; path = ../BoosFileExample.h; sourceTree = "<group>"; };
		E2FE7BF8196EF9B3005C1B44 /* BoosFileExample2.h */ = {isa = PBXFileReference; fileEncoding = 4; lastKnownFileType = sourcecode.c.h; name = BoosFileExample2.h; path = ../BoosFileExample2.h; sourceTree = "<group>"; };
		E2FE7BF9196EF9B3005C1B44 /* chat_server.h */ = {isa = PBXFileReference; fileEncoding = 4; lastKnownFileType = sourcecode.c.h; name = chat_server.h; path = ../chat_server.h; sourceTree = "<group>"; };
/* End PBXFileReference section */

/* Begin PBXFrameworksBuildPhase section */
		E23EB367194269AB00C4DECA /* Frameworks */ = {
			isa = PBXFrameworksBuildPhase;
			buildActionMask = 2147483647;
			files = (
			);
			runOnlyForDeploymentPostprocessing = 0;
		};
/* End PBXFrameworksBuildPhase section */

/* Begin PBXGroup section */
		A51ACC4B1965F08400C0AB67 /* PoconoServer */ = {
			isa = PBXGroup;
			children = (
				E26D58EF196EF6C3007B8FDC /* asyncReader.h */,
				E26D58F0196EF6C3007B8FDC /* AsyncTcpClient.h */,
				E26D58F1196EF6C3007B8FDC /* AtomicCounter.h */,
				E26D58F2196EF6C3007B8FDC /* ClientResponseProcessor.h */,
				E26D58F3196EF6C3007B8FDC /* ConcurrentVector.h */,
				E26D58F4196EF6C3007B8FDC /* DBRecord.h */,
				E26D58F5196EF6C3007B8FDC /* DeleteTaskRunnable.h */,
				E26D58F6196EF6C3007B8FDC /* logger.h */,
				E26D58F7196EF6C3007B8FDC /* OffsetManager.h */,
				E26D58F8196EF6C3007B8FDC /* pico_buffered_message.h */,
				E26D58F9196EF6C3007B8FDC /* pico_client.h */,
				E26D58FA196EF6C3007B8FDC /* pico_collection.h */,
				E26D58FB196EF6C3007B8FDC /* pico_concurrent_list.h */,
				E26D58FC196EF6C3007B8FDC /* pico_exception.h */,
				E26D58FD196EF6C3007B8FDC /* pico_heart_beat_sender.h */,
				E26D58FE196EF6C3007B8FDC /* pico_index.h */,
				E26D58FF196EF6C3007B8FDC /* pico_json_wrapper.h */,
				E26D5900196EF6C3007B8FDC /* pico_logger_wrapper.h */,
				E26D5901196EF6C3007B8FDC /* pico_message.h */,
				E26D5902196EF6C3007B8FDC /* pico_record.h */,
				E26D5903196EF6C3007B8FDC /* pico_record_deprecated.h */,
				E26D5904196EF6C3007B8FDC /* pico_record_old_version.h */,
				E26D5905196EF6C3007B8FDC /* pico_replicator.h */,
				E26D5906196EF6C3007B8FDC /* pico_server.h */,
				E26D5907196EF6C3007B8FDC /* pico_session.h */,
				E26D5908196EF6C3007B8FDC /* pico_sharder.h */,
				E26D5909196EF6C3007B8FDC /* pico_test.h */,
				E26D590B196EF6C3007B8FDC /* PicoConfig.h */,
				E26D590C196EF6C3007B8FDC /* PonocoClient.h */,
				E26D590D196EF6C3007B8FDC /* PonocoDriverHelper.h */,
				E26D590E196EF6C3007B8FDC /* PonocoRunnable.h */,
				E26D590F196EF6C3007B8FDC /* RecordInserter.h */,
				E26D5910196EF6C3007B8FDC /* request_processor.h */,
				E26D5911196EF6C3007B8FDC /* ShellClient.h */,
				E26D5912196EF6C3007B8FDC /* ThreadPool.h */,
				E26D5913196EF6C3007B8FDC /* TODO.h */,
				E26D5914196EF6C3007B8FDC /* writer_buffer_container.h */,
				E26D58ED196EF6C3007B8FDC /* ObjectPool.h */,
				E26D5918196EF6C3007B8FDC /* Runnable.h */,
				E26D5919196EF6C3007B8FDC /* SimpleRunnable.h */,
				E26D591A196EF6C3007B8FDC /* SqlParser.h */,
				E26D5924196EF6C3007B8FDC /* ThreadWorker.h */,
				E2FE7BF6196EF879005C1B44 /* ClientServerExample.h */,
			);
			name = PoconoServer;
			sourceTree = "<group>";
		};
		A51ACC4C1965F0BB00C0AB67 /* PoconoClient */ = {
			isa = PBXGroup;
			children = (
				A592008E1966ED5D0002E082 /* PoconoClient.h */,
			);
			name = PoconoClient;
			sourceTree = "<group>";
		};
		A51ACC4D1965F0C900C0AB67 /* PoconoShellClient */ = {
			isa = PBXGroup;
			children = (
			);
			name = PoconoShellClient;
			sourceTree = "<group>";
		};
		A51ACC4E1965F0E000C0AB67 /* PoconcoDBEngine */ = {
			isa = PBXGroup;
			children = (
				E23EB37719426B5200C4DECA /* FileWriter.h */,
				E23EB37819426B6200C4DECA /* FileReader.h */,
				E23EB37A19426EDD00C4DECA /* FileSystem.h */,
				E23EB37B19426F5100C4DECA /* DataRecord.h */,
				A5D9A14E1942AE9C000F1170 /* PoconoConfig.h */,
				A5D9A14F1942AF22000F1170 /* Utils.h */,
				A5D9A1501942AF99000F1170 /* Configs.h */,
				A5D9A1511942B91C000F1170 /* SuperBlock.h */,
				E23EB37E1945F55800C4DECA /* DataRecordMetaData.h */,
				A53270ED194CFEFE00530E5B /* FileSystemAPI.h */,
				A53270EE194D014700530E5B /* CollectionMetaData.h */,
				E25389DB1953208600D2C294 /* Index.h */,
			);
			name = PoconcoDBEngine;
			sourceTree = "<group>";
		};
		E23075B71953330A0088072E /* Tests */ = {
			isa = PBXGroup;
			children = (
				E23075B81953332C0088072E /* CRUDTests.h */,
				A51ACC4A1965EE5400C0AB67 /* ConcurrentCRUDtests.h */,
				E26D58E4196EF5F7007B8FDC /* DBTest.h */,
			);
			name = Tests;
			sourceTree = "<group>";
		};
		E23EB361194269AB00C4DECA = {
			isa = PBXGroup;
			children = (
				E23EB36C194269AB00C4DECA /* PoconoDB */,
				E23EB36B194269AB00C4DECA /* Products */,
			);
			sourceTree = "<group>";
		};
		E23EB36B194269AB00C4DECA /* Products */ = {
			isa = PBXGroup;
			children = (
				E23EB36A194269AB00C4DECA /* PoconoFileSystem */,
			);
			name = Products;
			sourceTree = "<group>";
		};
		E23EB36C194269AB00C4DECA /* PoconoDB */ = {
			isa = PBXGroup;
			children = (
				E26D591E196EF6C3007B8FDC /* third_party */,
				E26D58E3196EF5BF007B8FDC /* Examples */,
				A51ACC4E1965F0E000C0AB67 /* PoconcoDBEngine */,
				A51ACC4D1965F0C900C0AB67 /* PoconoShellClient */,
				A51ACC4C1965F0BB00C0AB67 /* PoconoClient */,
				A51ACC4B1965F08400C0AB67 /* PoconoServer */,
				E23075B71953330A0088072E /* Tests */,
				E23EB36D194269AB00C4DECA /* main.cpp */,
				E23EB36F194269AB00C4DECA /* PoconoFileSystem.1 */,
			);
			name = PoconoDB;
			path = PoconoFileSystem;
			sourceTree = "<group>";
		};
		E26D58E3196EF5BF007B8FDC /* Examples */ = {
			isa = PBXGroup;
			children = (
				E26D591B196EF6C3007B8FDC /* StackTrace.cpp */,
				E26D591C196EF6C3007B8FDC /* StackTrace.h */,
				E26D5917196EF6C3007B8FDC /* PicoHedgeFund.h */,
				E2FE7BF7196EF9B3005C1B44 /* BoosFileExample.h */,
				E2FE7BF8196EF9B3005C1B44 /* BoosFileExample2.h */,
				E2FE7BF9196EF9B3005C1B44 /* chat_server.h */,
				E26D58EA196EF6C3007B8FDC /* file_test.h */,
				E26D58E9196EF6C3007B8FDC /* Examples.h */,
				E26D58E7196EF6C3007B8FDC /* countdown_latch.h */,
				E26D58E8196EF6C3007B8FDC /* currency.h */,
				E26D58E6196EF6C3007B8FDC /* chat_message.h */,
				E26D58EB196EF6C3007B8FDC /* jsonCppExamples.h */,
				E26D5928196EF6FC007B8FDC /* Examples.h */,
			);
			name = Examples;
			sourceTree = "<group>";
		};
		E26D591E196EF6C3007B8FDC /* third_party */ = {
			isa = PBXGroup;
			children = (
				E26D591F196EF6C3007B8FDC /* json_cpp */,
			);
			name = third_party;
			path = PicoDB/third_party;
			sourceTree = "<group>";
		};
		E26D591F196EF6C3007B8FDC /* json_cpp */ = {
			isa = PBXGroup;
			children = (
				E26D5920196EF6C3007B8FDC /* json */,
			);
			path = json_cpp;
			sourceTree = "<group>";
		};
		E26D5920196EF6C3007B8FDC /* json */ = {
			isa = PBXGroup;
			children = (
				E26D5921196EF6C3007B8FDC /* json-forwards.h */,
				E26D5922196EF6C3007B8FDC /* json.h */,
				E26D5923196EF6C3007B8FDC /* jsoncpp.cpp */,
			);
			path = json;
			sourceTree = "<group>";
		};
/* End PBXGroup section */

/* Begin PBXNativeTarget section */
		E23EB369194269AB00C4DECA /* PoconoFileSystem */ = {
			isa = PBXNativeTarget;
			buildConfigurationList = E23EB373194269AB00C4DECA /* Build configuration list for PBXNativeTarget "PoconoFileSystem" */;
			buildPhases = (
				E23EB366194269AB00C4DECA /* Sources */,
				E23EB367194269AB00C4DECA /* Frameworks */,
				E23EB368194269AB00C4DECA /* CopyFiles */,
			);
			buildRules = (
			);
			dependencies = (
			);
			name = PoconoFileSystem;
			productName = PoconoFileSystem;
			productReference = E23EB36A194269AB00C4DECA /* PoconoFileSystem */;
			productType = "com.apple.product-type.tool";
		};
/* End PBXNativeTarget section */

/* Begin PBXProject section */
		E23EB362194269AB00C4DECA /* Project object */ = {
			isa = PBXProject;
			attributes = {
				LastUpgradeCheck = 0510;
				ORGANIZATIONNAME = "___FULLUSERNAME___";
			};
			buildConfigurationList = E23EB365194269AB00C4DECA /* Build configuration list for PBXProject "PoconoFileSystem" */;
			compatibilityVersion = "Xcode 3.2";
			developmentRegion = English;
			hasScannedForEncodings = 0;
			knownRegions = (
				en,
			);
			mainGroup = E23EB361194269AB00C4DECA;
			productRefGroup = E23EB36B194269AB00C4DECA /* Products */;
			projectDirPath = "";
			projectRoot = "";
			targets = (
				E23EB369194269AB00C4DECA /* PoconoFileSystem */,
			);
		};
/* End PBXProject section */

/* Begin PBXSourcesBuildPhase section */
		E23EB366194269AB00C4DECA /* Sources */ = {
			isa = PBXSourcesBuildPhase;
			buildActionMask = 2147483647;
			files = (
				E26D5926196EF6C3007B8FDC /* StackTrace.cpp in Sources */,
				E26D5927196EF6C3007B8FDC /* jsoncpp.cpp in Sources */,
				E23EB36E194269AB00C4DECA /* main.cpp in Sources */,
			);
			runOnlyForDeploymentPostprocessing = 0;
		};
/* End PBXSourcesBuildPhase section */

/* Begin XCBuildConfiguration section */
		E23EB371194269AB00C4DECA /* Debug */ = {
			isa = XCBuildConfiguration;
			buildSettings = {
				ALWAYS_SEARCH_USER_PATHS = NO;
				CLANG_CXX_LANGUAGE_STANDARD = "gnu++0x";
				CLANG_CXX_LIBRARY = "libc++";
				CLANG_ENABLE_MODULES = YES;
				CLANG_ENABLE_OBJC_ARC = YES;
				CLANG_WARN_BOOL_CONVERSION = YES;
				CLANG_WARN_CONSTANT_CONVERSION = YES;
				CLANG_WARN_DIRECT_OBJC_ISA_USAGE = YES_ERROR;
				CLANG_WARN_EMPTY_BODY = YES;
				CLANG_WARN_ENUM_CONVERSION = YES;
				CLANG_WARN_INT_CONVERSION = YES;
				CLANG_WARN_OBJC_ROOT_CLASS = YES_ERROR;
				CLANG_WARN__DUPLICATE_METHOD_MATCH = YES;
				COPY_PHASE_STRIP = NO;
				GCC_C_LANGUAGE_STANDARD = gnu99;
				GCC_DYNAMIC_NO_PIC = NO;
				GCC_ENABLE_OBJC_EXCEPTIONS = YES;
				GCC_OPTIMIZATION_LEVEL = 0;
				GCC_PREPROCESSOR_DEFINITIONS = (
					"DEBUG=1",
					"$(inherited)",
				);
				GCC_SYMBOLS_PRIVATE_EXTERN = NO;
				GCC_WARN_64_TO_32_BIT_CONVERSION = YES;
				GCC_WARN_ABOUT_RETURN_TYPE = YES_ERROR;
				GCC_WARN_UNDECLARED_SELECTOR = YES;
				GCC_WARN_UNINITIALIZED_AUTOS = YES_AGGRESSIVE;
				GCC_WARN_UNUSED_FUNCTION = YES;
				GCC_WARN_UNUSED_VARIABLE = YES;
				MACOSX_DEPLOYMENT_TARGET = 10.9;
				ONLY_ACTIVE_ARCH = YES;
				SDKROOT = macosx;
			};
			name = Debug;
		};
		E23EB372194269AB00C4DECA /* Release */ = {
			isa = XCBuildConfiguration;
			buildSettings = {
				ALWAYS_SEARCH_USER_PATHS = NO;
				CLANG_CXX_LANGUAGE_STANDARD = "gnu++0x";
				CLANG_CXX_LIBRARY = "libc++";
				CLANG_ENABLE_MODULES = YES;
				CLANG_ENABLE_OBJC_ARC = YES;
				CLANG_WARN_BOOL_CONVERSION = YES;
				CLANG_WARN_CONSTANT_CONVERSION = YES;
				CLANG_WARN_DIRECT_OBJC_ISA_USAGE = YES_ERROR;
				CLANG_WARN_EMPTY_BODY = YES;
				CLANG_WARN_ENUM_CONVERSION = YES;
				CLANG_WARN_INT_CONVERSION = YES;
				CLANG_WARN_OBJC_ROOT_CLASS = YES_ERROR;
				CLANG_WARN__DUPLICATE_METHOD_MATCH = YES;
				COPY_PHASE_STRIP = YES;
				DEBUG_INFORMATION_FORMAT = "dwarf-with-dsym";
				ENABLE_NS_ASSERTIONS = NO;
				GCC_C_LANGUAGE_STANDARD = gnu99;
				GCC_ENABLE_OBJC_EXCEPTIONS = YES;
				GCC_WARN_64_TO_32_BIT_CONVERSION = YES;
				GCC_WARN_ABOUT_RETURN_TYPE = YES_ERROR;
				GCC_WARN_UNDECLARED_SELECTOR = YES;
				GCC_WARN_UNINITIALIZED_AUTOS = YES_AGGRESSIVE;
				GCC_WARN_UNUSED_FUNCTION = YES;
				GCC_WARN_UNUSED_VARIABLE = YES;
				MACOSX_DEPLOYMENT_TARGET = 10.9;
				SDKROOT = macosx;
			};
			name = Release;
		};
		E23EB374194269AB00C4DECA /* Debug */ = {
			isa = XCBuildConfiguration;
			buildSettings = {
				HEADER_SEARCH_PATHS = (
					"$(inherited)",
					/Applications/Xcode.app/Contents/Developer/Toolchains/XcodeDefault.xctoolchain/usr/include,
					/usr/include/,
					/usr/local/include/,
				);
				"HEADER_SEARCH_PATHS[arch=*]" = (
					"$(inherited)",
					/Applications/Xcode.app/Contents/Developer/Toolchains/XcodeDefault.xctoolchain/usr/include,
					/usr/include/,
					/usr/local/include/,
				);
				"LIBRARY_SEARCH_PATHS[arch=*]" = /usr/local/Cellar/boost/1.55.0_1/lib/;
				OTHER_LDFLAGS = "-lboost_system,,-Wl,-stack_size,1000000";
				"OTHER_LDFLAGS[arch=*]" = "-lboost_system";
				PRODUCT_NAME = "$(TARGET_NAME)";
				"USER_HEADER_SEARCH_PATHS[arch=*]" = "";
			};
			name = Debug;
		};
		E23EB375194269AB00C4DECA /* Release */ = {
			isa = XCBuildConfiguration;
			buildSettings = {
				OTHER_LDFLAGS = "-lboost_system,-Wl,-stack_size,1000000";
				PRODUCT_NAME = "$(TARGET_NAME)";
			};
			name = Release;
		};
/* End XCBuildConfiguration section */

/* Begin XCConfigurationList section */
		E23EB365194269AB00C4DECA /* Build configuration list for PBXProject "PoconoFileSystem" */ = {
			isa = XCConfigurationList;
			buildConfigurations = (
				E23EB371194269AB00C4DECA /* Debug */,
				E23EB372194269AB00C4DECA /* Release */,
			);
			defaultConfigurationIsVisible = 0;
			defaultConfigurationName = Release;
		};
		E23EB373194269AB00C4DECA /* Build configuration list for PBXNativeTarget "PoconoFileSystem" */ = {
			isa = XCConfigurationList;
			buildConfigurations = (
				E23EB374194269AB00C4DECA /* Debug */,
				E23EB375194269AB00C4DECA /* Release */,
			);
			defaultConfigurationIsVisible = 0;
			defaultConfigurationName = Release;
		};
/* End XCConfigurationList section */
	};
	rootObject = E23EB362194269AB00C4DECA /* Project object */;
}
